// !$*UTF8*$!
{
	archiveVersion = 1;
	classes = {
	};
	objectVersion = 46;
	objects = {

/* Begin PBXBuildFile section */
		1438F873224E257A00F8A9C7 /* LinearGradient.m in Sources */ = {isa = PBXBuildFile; fileRef = 1438F86D224E257A00F8A9C7 /* LinearGradient.m */; };
		1438F874224E257A00F8A9C7 /* LinearGradientLayer.m in Sources */ = {isa = PBXBuildFile; fileRef = 1438F86E224E257A00F8A9C7 /* LinearGradientLayer.m */; };
		1438F875224E257A00F8A9C7 /* LinearGradientManager.m in Sources */ = {isa = PBXBuildFile; fileRef = 1438F871224E257A00F8A9C7 /* LinearGradientManager.m */; };
		14654BE223C61C2A004199F3 /* RCTAliPay.m in Sources */ = {isa = PBXBuildFile; fileRef = 14654BE123C61C2A004199F3 /* RCTAliPay.m */; };
		149C2D492227B46C0039ED1E /* AppDelegateTest.m in Sources */ = {isa = PBXBuildFile; fileRef = 149C2D472227B46C0039ED1E /* AppDelegateTest.m */; };
		14A98E8B222692CE00BE24EE /* RNCuriosity.m in Sources */ = {isa = PBXBuildFile; fileRef = 14A98E32222692CD00BE24EE /* RNCuriosity.m */; };
		14A98E9F222692CE00BE24EE /* NativeTools.m in Sources */ = {isa = PBXBuildFile; fileRef = 14A98E60222692CE00BE24EE /* NativeTools.m */; };
/* End PBXBuildFile section */

/* Begin PBXCopyFilesBuildPhase section */
		58B511D91A9E6C8500147676 /* Copy Files */ = {
			isa = PBXCopyFilesBuildPhase;
			buildActionMask = 2147483647;
			dstPath = "include/$(PRODUCT_NAME)";
			dstSubfolderSpec = 16;
			files = (
			);
			name = "Copy Files";
			runOnlyForDeploymentPostprocessing = 0;
		};
/* End PBXCopyFilesBuildPhase section */

/* Begin PBXFileReference section */
		134814201AA4EA6300B7C361 /* libRNCuriosity.a */ = {isa = PBXFileReference; explicitFileType = archive.ar; includeInIndex = 0; path = libRNCuriosity.a; sourceTree = BUILT_PRODUCTS_DIR; };
		1438F86D224E257A00F8A9C7 /* LinearGradient.m */ = {isa = PBXFileReference; fileEncoding = 4; lastKnownFileType = sourcecode.c.objc; path = LinearGradient.m; sourceTree = "<group>"; };
		1438F86E224E257A00F8A9C7 /* LinearGradientLayer.m */ = {isa = PBXFileReference; fileEncoding = 4; lastKnownFileType = sourcecode.c.objc; path = LinearGradientLayer.m; sourceTree = "<group>"; };
		1438F86F224E257A00F8A9C7 /* LinearGradientManager.h */ = {isa = PBXFileReference; fileEncoding = 4; lastKnownFileType = sourcecode.c.h; path = LinearGradientManager.h; sourceTree = "<group>"; };
		1438F870224E257A00F8A9C7 /* LinearGradient.h */ = {isa = PBXFileReference; fileEncoding = 4; lastKnownFileType = sourcecode.c.h; path = LinearGradient.h; sourceTree = "<group>"; };
		1438F871224E257A00F8A9C7 /* LinearGradientManager.m */ = {isa = PBXFileReference; fileEncoding = 4; lastKnownFileType = sourcecode.c.objc; path = LinearGradientManager.m; sourceTree = "<group>"; };
		1438F872224E257A00F8A9C7 /* LinearGradientLayer.h */ = {isa = PBXFileReference; fileEncoding = 4; lastKnownFileType = sourcecode.c.h; path = LinearGradientLayer.h; sourceTree = "<group>"; };
		14654BDC23C61AED004199F3 /* AliPaySDK.h */ = {isa = PBXFileReference; fileEncoding = 4; lastKnownFileType = sourcecode.c.h; path = AliPaySDK.h; sourceTree = "<group>"; };
		14654BDD23C61AF5004199F3 /* APayAuthInfo.h */ = {isa = PBXFileReference; fileEncoding = 4; lastKnownFileType = sourcecode.c.h; path = APayAuthInfo.h; sourceTree = "<group>"; };
		14654BE023C61C2A004199F3 /* RCTAliPay.h */ = {isa = PBXFileReference; fileEncoding = 4; lastKnownFileType = sourcecode.c.h; path = RCTAliPay.h; sourceTree = "<group>"; };
		14654BE123C61C2A004199F3 /* RCTAliPay.m */ = {isa = PBXFileReference; fileEncoding = 4; lastKnownFileType = sourcecode.c.objc; path = RCTAliPay.m; sourceTree = "<group>"; };
		149C2D472227B46C0039ED1E /* AppDelegateTest.m */ = {isa = PBXFileReference; fileEncoding = 4; lastKnownFileType = sourcecode.c.objc; path = AppDelegateTest.m; sourceTree = "<group>"; };
		14A98E2F222692CD00BE24EE /* RNCuriosity.xcodeproj */ = {isa = PBXFileReference; lastKnownFileType = "wrapper.pb-project"; path = RNCuriosity.xcodeproj; sourceTree = "<group>"; };
		14A98E32222692CD00BE24EE /* RNCuriosity.m */ = {isa = PBXFileReference; fileEncoding = 4; lastKnownFileType = sourcecode.c.objc; path = RNCuriosity.m; sourceTree = "<group>"; };
		14A98E5E222692CE00BE24EE /* RNCuriosity.h */ = {isa = PBXFileReference; fileEncoding = 4; lastKnownFileType = sourcecode.c.h; path = RNCuriosity.h; sourceTree = "<group>"; };
		14A98E60222692CE00BE24EE /* NativeTools.m */ = {isa = PBXFileReference; fileEncoding = 4; lastKnownFileType = sourcecode.c.objc; path = NativeTools.m; sourceTree = "<group>"; };
		14A98EC3222693E300BE24EE /* NativeTools.h */ = {isa = PBXFileReference; lastKnownFileType = sourcecode.c.h; path = NativeTools.h; sourceTree = SOURCE_ROOT; };
/* End PBXFileReference section */

/* Begin PBXFrameworksBuildPhase section */
		58B511D81A9E6C8500147676 /* Frameworks */ = {
			isa = PBXFrameworksBuildPhase;
			buildActionMask = 2147483647;
			files = (
			);
			runOnlyForDeploymentPostprocessing = 0;
		};
/* End PBXFrameworksBuildPhase section */

/* Begin PBXGroup section */
		134814211AA4EA7D00B7C361 /* Products */ = {
			isa = PBXGroup;
			children = (
				134814201AA4EA6300B7C361 /* libRNCuriosity.a */,
			);
			name = Products;
			sourceTree = "<group>";
		};
		1438F86C224E257A00F8A9C7 /* LinearGradient */ = {
			isa = PBXGroup;
			children = (
				1438F86D224E257A00F8A9C7 /* LinearGradient.m */,
				1438F86E224E257A00F8A9C7 /* LinearGradientLayer.m */,
				1438F86F224E257A00F8A9C7 /* LinearGradientManager.h */,
				1438F870224E257A00F8A9C7 /* LinearGradient.h */,
				1438F871224E257A00F8A9C7 /* LinearGradientManager.m */,
				1438F872224E257A00F8A9C7 /* LinearGradientLayer.h */,
			);
			path = LinearGradient;
			sourceTree = "<group>";
		};
		14654BD023C6110F004199F3 /* AliPay */ = {
			isa = PBXGroup;
			children = (
				14654BE023C61C2A004199F3 /* RCTAliPay.h */,
				14654BE123C61C2A004199F3 /* RCTAliPay.m */,
				14654BDD23C61AF5004199F3 /* APayAuthInfo.h */,
				14654BDC23C61AED004199F3 /* AliPaySDK.h */,
			);
			path = AliPay;
			sourceTree = "<group>";
		};
		14A98E30222692CD00BE24EE /* Products */ = {
			isa = PBXGroup;
			name = Products;
			sourceTree = "<group>";
		};
		58B511D21A9E6C8500147676 = {
			isa = PBXGroup;
			children = (
				14654BD023C6110F004199F3 /* AliPay */,
				1438F86C224E257A00F8A9C7 /* LinearGradient */,
				149C2D472227B46C0039ED1E /* AppDelegateTest.m */,
				14A98EC3222693E300BE24EE /* NativeTools.h */,
				14A98E60222692CE00BE24EE /* NativeTools.m */,
				14A98E5E222692CE00BE24EE /* RNCuriosity.h */,
				14A98E32222692CD00BE24EE /* RNCuriosity.m */,
				14A98E2F222692CD00BE24EE /* RNCuriosity.xcodeproj */,
				134814211AA4EA7D00B7C361 /* Products */,
			);
			sourceTree = "<group>";
		};
/* End PBXGroup section */

/* Begin PBXNativeTarget section */
		58B511DA1A9E6C8500147676 /* RNCuriosity */ = {
			isa = PBXNativeTarget;
			buildConfigurationList = 58B511EF1A9E6C8500147676 /* Build configuration list for PBXNativeTarget "RNCuriosity" */;
			buildPhases = (
				58B511D71A9E6C8500147676 /* Sources */,
				58B511D81A9E6C8500147676 /* Frameworks */,
				58B511D91A9E6C8500147676 /* Copy Files */,
			);
			buildRules = (
			);
			dependencies = (
			);
			name = RNCuriosity;
			productName = RCTDataManager;
			productReference = 134814201AA4EA6300B7C361 /* libRNCuriosity.a */;
			productType = "com.apple.product-type.library.static";
		};
/* End PBXNativeTarget section */

/* Begin PBXProject section */
		58B511D31A9E6C8500147676 /* Project object */ = {
			isa = PBXProject;
			attributes = {
				LastUpgradeCheck = 830;
				ORGANIZATIONNAME = Facebook;
				TargetAttributes = {
					58B511DA1A9E6C8500147676 = {
						CreatedOnToolsVersion = 6.1.1;
						LastSwiftMigration = 1130;
					};
				};
			};
			buildConfigurationList = 58B511D61A9E6C8500147676 /* Build configuration list for PBXProject "RNCuriosity" */;
			compatibilityVersion = "Xcode 3.2";
			developmentRegion = English;
			hasScannedForEncodings = 0;
			knownRegions = (
				English,
				en,
			);
			mainGroup = 58B511D21A9E6C8500147676;
			productRefGroup = 58B511D21A9E6C8500147676;
			projectDirPath = "";
			projectReferences = (
				{
					ProductGroup = 14A98E30222692CD00BE24EE /* Products */;
					ProjectRef = 14A98E2F222692CD00BE24EE /* RNCuriosity.xcodeproj */;
				},
			);
			projectRoot = "";
			targets = (
				58B511DA1A9E6C8500147676 /* RNCuriosity */,
			);
		};
/* End PBXProject section */

/* Begin PBXSourcesBuildPhase section */
		58B511D71A9E6C8500147676 /* Sources */ = {
			isa = PBXSourcesBuildPhase;
			buildActionMask = 2147483647;
			files = (
				14A98E9F222692CE00BE24EE /* NativeTools.m in Sources */,
				14654BE223C61C2A004199F3 /* RCTAliPay.m in Sources */,
				149C2D492227B46C0039ED1E /* AppDelegateTest.m in Sources */,
				1438F874224E257A00F8A9C7 /* LinearGradientLayer.m in Sources */,
				14A98E8B222692CE00BE24EE /* RNCuriosity.m in Sources */,
				1438F873224E257A00F8A9C7 /* LinearGradient.m in Sources */,
				1438F875224E257A00F8A9C7 /* LinearGradientManager.m in Sources */,
			);
			runOnlyForDeploymentPostprocessing = 0;
		};
/* End PBXSourcesBuildPhase section */

/* Begin XCBuildConfiguration section */
		58B511ED1A9E6C8500147676 /* Debug */ = {
			isa = XCBuildConfiguration;
			buildSettings = {
				ALWAYS_SEARCH_USER_PATHS = NO;
				CLANG_CXX_LANGUAGE_STANDARD = "gnu++0x";
				CLANG_CXX_LIBRARY = "libc++";
				CLANG_ENABLE_MODULES = YES;
				CLANG_ENABLE_OBJC_ARC = YES;
				CLANG_WARN_BOOL_CONVERSION = YES;
				CLANG_WARN_CONSTANT_CONVERSION = YES;
				CLANG_WARN_DIRECT_OBJC_ISA_USAGE = YES_ERROR;
				CLANG_WARN_EMPTY_BODY = YES;
				CLANG_WARN_ENUM_CONVERSION = YES;
				CLANG_WARN_INFINITE_RECURSION = YES;
				CLANG_WARN_INT_CONVERSION = YES;
				CLANG_WARN_OBJC_IMPLICIT_RETAIN_SELF = YES;
				CLANG_WARN_OBJC_ROOT_CLASS = YES_ERROR;
				CLANG_WARN_SUSPICIOUS_MOVE = YES;
				CLANG_WARN_UNREACHABLE_CODE = YES;
				CLANG_WARN__DUPLICATE_METHOD_MATCH = YES;
				COPY_PHASE_STRIP = NO;
				ENABLE_STRICT_OBJC_MSGSEND = YES;
				ENABLE_TESTABILITY = YES;
				GCC_C_LANGUAGE_STANDARD = gnu99;
				GCC_DYNAMIC_NO_PIC = NO;
				GCC_NO_COMMON_BLOCKS = YES;
				GCC_OPTIMIZATION_LEVEL = 0;
				GCC_PREPROCESSOR_DEFINITIONS = (
					"DEBUG=1",
					"$(inherited)",
				);
				GCC_SYMBOLS_PRIVATE_EXTERN = NO;
				GCC_WARN_64_TO_32_BIT_CONVERSION = YES;
				GCC_WARN_ABOUT_RETURN_TYPE = YES_ERROR;
				GCC_WARN_UNDECLARED_SELECTOR = YES;
				GCC_WARN_UNINITIALIZED_AUTOS = YES_AGGRESSIVE;
				GCC_WARN_UNUSED_FUNCTION = YES;
				GCC_WARN_UNUSED_VARIABLE = YES;
				IPHONEOS_DEPLOYMENT_TARGET = 9.0;
				MTL_ENABLE_DEBUG_INFO = YES;
				ONLY_ACTIVE_ARCH = YES;
				SDKROOT = iphoneos;
				SKIP_INSTALL = NO;
			};
			name = Debug;
		};
		58B511EE1A9E6C8500147676 /* Release */ = {
			isa = XCBuildConfiguration;
			buildSettings = {
				ALWAYS_SEARCH_USER_PATHS = NO;
				CLANG_CXX_LANGUAGE_STANDARD = "gnu++0x";
				CLANG_CXX_LIBRARY = "libc++";
				CLANG_ENABLE_MODULES = YES;
				CLANG_ENABLE_OBJC_ARC = YES;
				CLANG_WARN_BOOL_CONVERSION = YES;
				CLANG_WARN_CONSTANT_CONVERSION = YES;
				CLANG_WARN_DIRECT_OBJC_ISA_USAGE = YES_ERROR;
				CLANG_WARN_EMPTY_BODY = YES;
				CLANG_WARN_ENUM_CONVERSION = YES;
				CLANG_WARN_INFINITE_RECURSION = YES;
				CLANG_WARN_INT_CONVERSION = YES;
				CLANG_WARN_OBJC_IMPLICIT_RETAIN_SELF = YES;
				CLANG_WARN_OBJC_ROOT_CLASS = YES_ERROR;
				CLANG_WARN_SUSPICIOUS_MOVE = YES;
				CLANG_WARN_UNREACHABLE_CODE = YES;
				CLANG_WARN__DUPLICATE_METHOD_MATCH = YES;
				COPY_PHASE_STRIP = YES;
				ENABLE_NS_ASSERTIONS = NO;
				ENABLE_STRICT_OBJC_MSGSEND = YES;
				GCC_C_LANGUAGE_STANDARD = gnu99;
				GCC_NO_COMMON_BLOCKS = YES;
				GCC_WARN_64_TO_32_BIT_CONVERSION = YES;
				GCC_WARN_ABOUT_RETURN_TYPE = YES_ERROR;
				GCC_WARN_UNDECLARED_SELECTOR = YES;
				GCC_WARN_UNINITIALIZED_AUTOS = YES_AGGRESSIVE;
				GCC_WARN_UNUSED_FUNCTION = YES;
				GCC_WARN_UNUSED_VARIABLE = YES;
				IPHONEOS_DEPLOYMENT_TARGET = 9.0;
				MTL_ENABLE_DEBUG_INFO = NO;
				SDKROOT = iphoneos;
				SKIP_INSTALL = NO;
				VALIDATE_PRODUCT = YES;
			};
			name = Release;
		};
		58B511F01A9E6C8500147676 /* Debug */ = {
			isa = XCBuildConfiguration;
			buildSettings = {
				CLANG_ENABLE_MODULES = YES;
				DEFINES_MODULE = YES;
				FRAMEWORK_SEARCH_PATHS = "";
				HEADER_SEARCH_PATHS = (
					"$(inherited)",
					/Applications/Xcode.app/Contents/Developer/Toolchains/XcodeDefault.xctoolchain/usr/include,
					"$(SRCROOT)/../../../React/**",
					"$(SRCROOT)/../../react-native/React/**",
				);
				LD_RUNPATH_SEARCH_PATHS = "$(inherited) @executable_path/Frameworks @loader_path/Frameworks";
				LIBRARY_SEARCH_PATHS = (
					"$(inherited)",
					"\"$(SRCROOT)/RNCuriosity\"",
					"$(SRCROOT)/AliPay/RCTAliPay\" \"$(SRCROOT)/LinearGradient/LinearGradientManager.m\"",
				);
				OTHER_LDFLAGS = "-ObjC";
				PRODUCT_NAME = RNCuriosity;
				SKIP_INSTALL = YES;
				SWIFT_OPTIMIZATION_LEVEL = "-Onone";
				SWIFT_VERSION = 5.0;
			};
			name = Debug;
		};
		58B511F11A9E6C8500147676 /* Release */ = {
			isa = XCBuildConfiguration;
			buildSettings = {
				CLANG_ENABLE_MODULES = YES;
				DEFINES_MODULE = YES;
				FRAMEWORK_SEARCH_PATHS = "";
				HEADER_SEARCH_PATHS = (
					"$(inherited)",
					/Applications/Xcode.app/Contents/Developer/Toolchains/XcodeDefault.xctoolchain/usr/include,
					"$(SRCROOT)/../../../React/**",
					"$(SRCROOT)/../../react-native/React/**",
				);
				LD_RUNPATH_SEARCH_PATHS = "$(inherited) @executable_path/Frameworks @loader_path/Frameworks";
				LIBRARY_SEARCH_PATHS = (
					"$(inherited)",
					"\"$(SRCROOT)/RNCuriosity\"",
					"$(SRCROOT)/AliPay/RCTAliPay\" \"$(SRCROOT)/LinearGradient/LinearGradientManager.m\"",
				);
				OTHER_LDFLAGS = "-ObjC";
				PRODUCT_NAME = RNCuriosity;
				SKIP_INSTALL = YES;
				SWIFT_VERSION = 5.0;
			};
			name = Release;
		};
/* End XCBuildConfiguration section */

/* Begin XCConfigurationList section */
		58B511D61A9E6C8500147676 /* Build configuration list for PBXProject "RNCuriosity" */ = {
			isa = XCConfigurationList;
			buildConfigurations = (
				58B511ED1A9E6C8500147676 /* Debug */,
				58B511EE1A9E6C8500147676 /* Release */,
			);
			defaultConfigurationIsVisible = 0;
			defaultConfigurationName = Release;
		};
		58B511EF1A9E6C8500147676 /* Build configuration list for PBXNativeTarget "RNCuriosity" */ = {
			isa = XCConfigurationList;
			buildConfigurations = (
				58B511F01A9E6C8500147676 /* Debug */,
				58B511F11A9E6C8500147676 /* Release */,
			);
			defaultConfigurationIsVisible = 0;
			defaultConfigurationName = Release;
		};
/* End XCConfigurationList section */
	};
	rootObject = 58B511D31A9E6C8500147676 /* Project object */;
}
